
Microsoft Visual Studio Solution File, Format Version 12.00
# Visual Studio Version 17
VisualStudioVersion = 17.4.33122.133
MinimumVisualStudioVersion = 10.0.40219.1
Project("{8BC9CEB8-8B4A-11D0-8D11-00A0C91BC942}") = "OOP2", "OOP2.vcxproj", "{2C64A348-0C44-4739-A0D3-4C51F3E055ED}"
EndProject
Global
	GlobalSection(SolutionConfigurationPlatforms) = preSolution
		Debug|x64 = Debug|x64
		Debug|x86 = Debug|x86
		Release|x64 = Release|x64
		Release|x86 = Release|x86
	EndGlobalSection
	GlobalSection(ProjectConfigurationPlatforms) = postSolution
		{2C64A348-0C44-4739-A0D3-4C51F3E055ED}.Debug|x64.ActiveCfg = Debug|x64
		{2C64A348-0C44-4739-A0D3-4C51F3E055ED}.Debug|x64.Build.0 = Debug|x64
		{2C64A348-0C44-4739-A0D3-4C51F3E055ED}.Debug|x86.ActiveCfg = Debug|Win32
		{2C64A348-0C44-4739-A0D3-4C51F3E055ED}.Debug|x86.Build.0 = Debug|Win32
		{2C64A348-0C44-4739-A0D3-4C51F3E055ED}.Release|x64.ActiveCfg = Release|x64
		{2C64A348-0C44-4739-A0D3-4C51F3E055ED}.Release|x64.Build.0 = Release|x64
		{2C64A348-0C44-4739-A0D3-4C51F3E055ED}.Release|x86.ActiveCfg = Release|Win32
		{2C64A348-0C44-4739-A0D3-4C51F3E055ED}.Release|x86.Build.0 = Release|Win32
	EndGlobalSection
	GlobalSection(SolutionProperties) = preSolution
		HideSolutionNode = FALSE
	EndGlobalSection
	GlobalSection(ExtensibilityGlobals) = postSolution
		SolutionGuid = {D59BD5AE-3610-4372-BD1E-25BAE9242E13}
	EndGlobalSection
EndGlobal
