
Microsoft Visual Studio Solution File, Format Version 12.00
# Visual Studio Version 17
VisualStudioVersion = 17.6.33815.320
MinimumVisualStudioVersion = 10.0.40219.1
Project("{8BC9CEB8-8B4A-11D0-8D11-00A0C91BC942}") = "Laprak_1", "Laprak_1\Laprak_1.vcxproj", "{118CCF66-710B-4767-A08C-9F128617E23E}"
EndProject
Project("{8BC9CEB8-8B4A-11D0-8D11-00A0C91BC942}") = "Laprak_2", "Laprak_2\Laprak_2.vcxproj", "{A5894FAA-7EAC-4C59-A254-BA1B92033D6D}"
EndProject
Project("{8BC9CEB8-8B4A-11D0-8D11-00A0C91BC942}") = "Latihan 1", "Latihan 1\Latihan 1.vcxproj", "{0C62068B-60E1-4EEC-9A54-B563380A8C5D}"
EndProject
Project("{8BC9CEB8-8B4A-11D0-8D11-00A0C91BC942}") = "Latihan 2", "Latihan 2\Latihan 2.vcxproj", "{D0DC67DB-19B0-4F6B-9B00-EEF5AB782EA9}"
EndProject
Global
	GlobalSection(SolutionConfigurationPlatforms) = preSolution
		Debug|x64 = Debug|x64
		Debug|x86 = Debug|x86
		Release|x64 = Release|x64
		Release|x86 = Release|x86
	EndGlobalSection
	GlobalSection(ProjectConfigurationPlatforms) = postSolution
		{118CCF66-710B-4767-A08C-9F128617E23E}.Debug|x64.ActiveCfg = Debug|x64
		{118CCF66-710B-4767-A08C-9F128617E23E}.Debug|x64.Build.0 = Debug|x64
		{118CCF66-710B-4767-A08C-9F128617E23E}.Debug|x86.ActiveCfg = Debug|Win32
		{118CCF66-710B-4767-A08C-9F128617E23E}.Debug|x86.Build.0 = Debug|Win32
		{118CCF66-710B-4767-A08C-9F128617E23E}.Release|x64.ActiveCfg = Release|x64
		{118CCF66-710B-4767-A08C-9F128617E23E}.Release|x64.Build.0 = Release|x64
		{118CCF66-710B-4767-A08C-9F128617E23E}.Release|x86.ActiveCfg = Release|Win32
		{118CCF66-710B-4767-A08C-9F128617E23E}.Release|x86.Build.0 = Release|Win32
		{A5894FAA-7EAC-4C59-A254-BA1B92033D6D}.Debug|x64.ActiveCfg = Debug|x64
		{A5894FAA-7EAC-4C59-A254-BA1B92033D6D}.Debug|x64.Build.0 = Debug|x64
		{A5894FAA-7EAC-4C59-A254-BA1B92033D6D}.Debug|x86.ActiveCfg = Debug|Win32
		{A5894FAA-7EAC-4C59-A254-BA1B92033D6D}.Debug|x86.Build.0 = Debug|Win32
		{A5894FAA-7EAC-4C59-A254-BA1B92033D6D}.Release|x64.ActiveCfg = Release|x64
		{A5894FAA-7EAC-4C59-A254-BA1B92033D6D}.Release|x64.Build.0 = Release|x64
		{A5894FAA-7EAC-4C59-A254-BA1B92033D6D}.Release|x86.ActiveCfg = Release|Win32
		{A5894FAA-7EAC-4C59-A254-BA1B92033D6D}.Release|x86.Build.0 = Release|Win32
		{0C62068B-60E1-4EEC-9A54-B563380A8C5D}.Debug|x64.ActiveCfg = Debug|x64
		{0C62068B-60E1-4EEC-9A54-B563380A8C5D}.Debug|x64.Build.0 = Debug|x64
		{0C62068B-60E1-4EEC-9A54-B563380A8C5D}.Debug|x86.ActiveCfg = Debug|Win32
		{0C62068B-60E1-4EEC-9A54-B563380A8C5D}.Debug|x86.Build.0 = Debug|Win32
		{0C62068B-60E1-4EEC-9A54-B563380A8C5D}.Release|x64.ActiveCfg = Release|x64
		{0C62068B-60E1-4EEC-9A54-B563380A8C5D}.Release|x64.Build.0 = Release|x64
		{0C62068B-60E1-4EEC-9A54-B563380A8C5D}.Release|x86.ActiveCfg = Release|Win32
		{0C62068B-60E1-4EEC-9A54-B563380A8C5D}.Release|x86.Build.0 = Release|Win32
		{D0DC67DB-19B0-4F6B-9B00-EEF5AB782EA9}.Debug|x64.ActiveCfg = Debug|x64
		{D0DC67DB-19B0-4F6B-9B00-EEF5AB782EA9}.Debug|x64.Build.0 = Debug|x64
		{D0DC67DB-19B0-4F6B-9B00-EEF5AB782EA9}.Debug|x86.ActiveCfg = Debug|Win32
		{D0DC67DB-19B0-4F6B-9B00-EEF5AB782EA9}.Debug|x86.Build.0 = Debug|Win32
		{D0DC67DB-19B0-4F6B-9B00-EEF5AB782EA9}.Release|x64.ActiveCfg = Release|x64
		{D0DC67DB-19B0-4F6B-9B00-EEF5AB782EA9}.Release|x64.Build.0 = Release|x64
		{D0DC67DB-19B0-4F6B-9B00-EEF5AB782EA9}.Release|x86.ActiveCfg = Release|Win32
		{D0DC67DB-19B0-4F6B-9B00-EEF5AB782EA9}.Release|x86.Build.0 = Release|Win32
	EndGlobalSection
	GlobalSection(SolutionProperties) = preSolution
		HideSolutionNode = FALSE
	EndGlobalSection
	GlobalSection(ExtensibilityGlobals) = postSolution
		SolutionGuid = {5D3A06EB-2E34-412B-894D-F8F2496F69C1}
	EndGlobalSection
EndGlobal
